
Microsoft Visual Studio Solution File, Format Version 12.00
# Visual Studio 15
VisualStudioVersion = 15.0.28307.421
MinimumVisualStudioVersion = 10.0.40219.1
Project("{FAE04EC0-301F-11D3-BF4B-00C04F79EFBC}") = "Clinic", "Clinic\Clinic.csproj", "{6C3F986A-B49C-48C2-B102-2E19223F84D2}"
EndProject
Project("{FAE04EC0-301F-11D3-BF4B-00C04F79EFBC}") = "ClinicTests", "ClinicTests\ClinicTests.csproj", "{C09BADA3-22FB-4DE9-B5B3-8110889F75D8}"
	ProjectSection(ProjectDependencies) = postProject
		{6C3F986A-B49C-48C2-B102-2E19223F84D2} = {6C3F986A-B49C-48C2-B102-2E19223F84D2}
	EndProjectSection
EndProject
Global
	GlobalSection(SolutionConfigurationPlatforms) = preSolution
		Debug|Any CPU = Debug|Any CPU
		Release|Any CPU = Release|Any CPU
	EndGlobalSection
	GlobalSection(ProjectConfigurationPlatforms) = postSolution
		{6C3F986A-B49C-48C2-B102-2E19223F84D2}.Debug|Any CPU.ActiveCfg = Debug|Any CPU
		{6C3F986A-B49C-48C2-B102-2E19223F84D2}.Debug|Any CPU.Build.0 = Debug|Any CPU
		{6C3F986A-B49C-48C2-B102-2E19223F84D2}.Release|Any CPU.ActiveCfg = Release|Any CPU
		{6C3F986A-B49C-48C2-B102-2E19223F84D2}.Release|Any CPU.Build.0 = Release|Any CPU
		{C09BADA3-22FB-4DE9-B5B3-8110889F75D8}.Debug|Any CPU.ActiveCfg = Debug|Any CPU
		{C09BADA3-22FB-4DE9-B5B3-8110889F75D8}.Debug|Any CPU.Build.0 = Debug|Any CPU
		{C09BADA3-22FB-4DE9-B5B3-8110889F75D8}.Release|Any CPU.ActiveCfg = Release|Any CPU
		{C09BADA3-22FB-4DE9-B5B3-8110889F75D8}.Release|Any CPU.Build.0 = Release|Any CPU
	EndGlobalSection
	GlobalSection(SolutionProperties) = preSolution
		HideSolutionNode = FALSE
	EndGlobalSection
	GlobalSection(ExtensibilityGlobals) = postSolution
		SolutionGuid = {D970B771-230C-4293-9A7F-3B474504036C}
	EndGlobalSection
EndGlobal
